
Microsoft Visual Studio Solution File, Format Version 12.00
# Visual Studio 15
VisualStudioVersion = 15.0.27703.2047
MinimumVisualStudioVersion = 10.0.40219.1
Project("{FAE04EC0-301F-11D3-BF4B-00C04F79EFBC}") = "SA47_Team12aCAProject", "SA47_Team12aCAProject\SA47_Team12aCAProject.csproj", "{3501CA4D-2FEE-4E96-841E-2BF9C92248BC}"
EndProject
Global
	GlobalSection(SolutionConfigurationPlatforms) = preSolution
		Debug|Any CPU = Debug|Any CPU
		Release|Any CPU = Release|Any CPU
	EndGlobalSection
	GlobalSection(ProjectConfigurationPlatforms) = postSolution
		{3501CA4D-2FEE-4E96-841E-2BF9C92248BC}.Debug|Any CPU.ActiveCfg = Debug|Any CPU
		{3501CA4D-2FEE-4E96-841E-2BF9C92248BC}.Debug|Any CPU.Build.0 = Debug|Any CPU
		{3501CA4D-2FEE-4E96-841E-2BF9C92248BC}.Release|Any CPU.ActiveCfg = Release|Any CPU
		{3501CA4D-2FEE-4E96-841E-2BF9C92248BC}.Release|Any CPU.Build.0 = Release|Any CPU
	EndGlobalSection
	GlobalSection(SolutionProperties) = preSolution
		HideSolutionNode = FALSE
	EndGlobalSection
	GlobalSection(ExtensibilityGlobals) = postSolution
		SolutionGuid = {FBFBAF81-B080-45E8-8568-8A4007FD2C57}
	EndGlobalSection
EndGlobal
